
Microsoft Visual Studio Solution File, Format Version 12.00
# Visual Studio Version 17
VisualStudioVersion = 17.8.34330.188
MinimumVisualStudioVersion = 10.0.40219.1
Project("{FAE04EC0-301F-11D3-BF4B-00C04F79EFBC}") = "Web", "Web\Web.csproj", "{C8E92E5D-6FE8-4766-916B-37233E4E8DFD}"
EndProject
Project("{FAE04EC0-301F-11D3-BF4B-00C04F79EFBC}") = "Core", "Core\Core.csproj", "{840ADD01-5A9B-457B-B2EB-2059E0BE504E}"
EndProject
Project("{FAE04EC0-301F-11D3-BF4B-00C04F79EFBC}") = "Data", "Data\Data.csproj", "{055CD80E-DB8D-468B-A80F-C11558A3D363}"
EndProject
Global
	GlobalSection(SolutionConfigurationPlatforms) = preSolution
		Debug|Any CPU = Debug|Any CPU
		Release|Any CPU = Release|Any CPU
	EndGlobalSection
	GlobalSection(ProjectConfigurationPlatforms) = postSolution
		{C8E92E5D-6FE8-4766-916B-37233E4E8DFD}.Debug|Any CPU.ActiveCfg = Debug|Any CPU
		{C8E92E5D-6FE8-4766-916B-37233E4E8DFD}.Debug|Any CPU.Build.0 = Debug|Any CPU
		{C8E92E5D-6FE8-4766-916B-37233E4E8DFD}.Release|Any CPU.ActiveCfg = Release|Any CPU
		{C8E92E5D-6FE8-4766-916B-37233E4E8DFD}.Release|Any CPU.Build.0 = Release|Any CPU
		{840ADD01-5A9B-457B-B2EB-2059E0BE504E}.Debug|Any CPU.ActiveCfg = Debug|Any CPU
		{840ADD01-5A9B-457B-B2EB-2059E0BE504E}.Debug|Any CPU.Build.0 = Debug|Any CPU
		{840ADD01-5A9B-457B-B2EB-2059E0BE504E}.Release|Any CPU.ActiveCfg = Release|Any CPU
		{840ADD01-5A9B-457B-B2EB-2059E0BE504E}.Release|Any CPU.Build.0 = Release|Any CPU
		{055CD80E-DB8D-468B-A80F-C11558A3D363}.Debug|Any CPU.ActiveCfg = Debug|Any CPU
		{055CD80E-DB8D-468B-A80F-C11558A3D363}.Debug|Any CPU.Build.0 = Debug|Any CPU
		{055CD80E-DB8D-468B-A80F-C11558A3D363}.Release|Any CPU.ActiveCfg = Release|Any CPU
		{055CD80E-DB8D-468B-A80F-C11558A3D363}.Release|Any CPU.Build.0 = Release|Any CPU
	EndGlobalSection
	GlobalSection(SolutionProperties) = preSolution
		HideSolutionNode = FALSE
	EndGlobalSection
	GlobalSection(ExtensibilityGlobals) = postSolution
		SolutionGuid = {0B9CCD7A-D252-4160-B99D-261AE62159E1}
	EndGlobalSection
EndGlobal
